{
  "name": "myy-project",
  "version": "1.0.0",
  "lockfileVersion": 1,
  "requires": true,
  "dependencies": {
    "@vant/weapp": {
      "version": "1.0.3",
      "resolved": "https://registry.npmjs.org/@vant/weapp/-/weapp-1.0.3.tgz",
      "integrity": "sha512-q7Bgz1Lyyh6u2V80peXhOtEwTIJWvpqGpJxKSNxtZtP/BP3ktj1jlQJ/Yo8HQfUdGARVdugx8wzo/3RAQkgECw=="
    },
    "vant-weapp": {
      "version": "0.5.27",
      "resolved": "https://registry.npmjs.org/vant-weapp/-/vant-weapp-0.5.27.tgz",
      "integrity": "sha512-wmbpPWbpIk/Nl022Yfu0LNV+rSBPxnWTsZePVo6De4FxY3SWw47+Ip6rxLgdnG00/FntbymgvVw4xlaW+WmC+Q=="
    }
  }
}
